
Microsoft Visual Studio Solution File, Format Version 12.00
# Visual Studio Version 16
VisualStudioVersion = 16.0.35229.62
MinimumVisualStudioVersion = 10.0.40219.1
Project("{8BC9CEB8-8B4A-11D0-8D11-00A0C91BC942}") = "1.5camera", "1.5camera.vcxproj", "{98B3F539-6DE8-447B-A615-3D648881DE6C}"
EndProject
Global
	GlobalSection(SolutionConfigurationPlatforms) = preSolution
		Debug|x64 = Debug|x64
		Debug|x86 = Debug|x86
		Release|x64 = Release|x64
		Release|x86 = Release|x86
	EndGlobalSection
	GlobalSection(ProjectConfigurationPlatforms) = postSolution
		{98B3F539-6DE8-447B-A615-3D648881DE6C}.Debug|x64.ActiveCfg = Debug|x64
		{98B3F539-6DE8-447B-A615-3D648881DE6C}.Debug|x64.Build.0 = Debug|x64
		{98B3F539-6DE8-447B-A615-3D648881DE6C}.Debug|x86.ActiveCfg = Debug|Win32
		{98B3F539-6DE8-447B-A615-3D648881DE6C}.Debug|x86.Build.0 = Debug|Win32
		{98B3F539-6DE8-447B-A615-3D648881DE6C}.Release|x64.ActiveCfg = Release|x64
		{98B3F539-6DE8-447B-A615-3D648881DE6C}.Release|x64.Build.0 = Release|x64
		{98B3F539-6DE8-447B-A615-3D648881DE6C}.Release|x86.ActiveCfg = Release|Win32
		{98B3F539-6DE8-447B-A615-3D648881DE6C}.Release|x86.Build.0 = Release|Win32
	EndGlobalSection
	GlobalSection(SolutionProperties) = preSolution
		HideSolutionNode = FALSE
	EndGlobalSection
	GlobalSection(ExtensibilityGlobals) = postSolution
		SolutionGuid = {0A6FEE8E-2A92-4FA6-A1A5-1EA602D62FDF}
	EndGlobalSection
EndGlobal
